
Microsoft Visual Studio Solution File, Format Version 12.00
# Visual Studio 15
VisualStudioVersion = 15.0.27004.2002
MinimumVisualStudioVersion = 10.0.40219.1
Project("{9A19103F-16F7-4668-BE54-9A1E7A4F7556}") = "Lloyd.AzureMailGateway.Providers", "Lloyd.AzureMailGateway.Providers\Lloyd.AzureMailGateway.Providers.csproj", "{0D0F8EBA-631C-41F9-B72E-546061FC1E07}"
EndProject
Project("{9A19103F-16F7-4668-BE54-9A1E7A4F7556}") = "Lloyd.AzureMailGateway.Factories", "Lloyd.AzureMailGateway.Factories\Lloyd.AzureMailGateway.Factories.csproj", "{504B0E9D-BADF-4F4B-B152-17843C18D29F}"
EndProject
Project("{9A19103F-16F7-4668-BE54-9A1E7A4F7556}") = "Lloyd.AzureMailGateway.Core", "Lloyd.AzureMailGateway.Core\Lloyd.AzureMailGateway.Core.csproj", "{F5B55542-8640-4F16-A7FA-1BD11157550C}"
EndProject
Project("{9A19103F-16F7-4668-BE54-9A1E7A4F7556}") = "Lloyd.AzureMailGateway.Functions", "Lloyd.AzureMailGateway.Functions\Lloyd.AzureMailGateway.Functions.csproj", "{C78B69E8-260E-4F03-A3D2-1682C192C34E}"
EndProject
Project("{9A19103F-16F7-4668-BE54-9A1E7A4F7556}") = "Lloyd.AzureMailGateway.Factories.Tests", "Lloyd.AzureMailGateway.Factories.Tests\Lloyd.AzureMailGateway.Factories.Tests.csproj", "{429C6DB1-F7EC-4CE7-B927-5AC4B0B3843E}"
EndProject
Project("{FAE04EC0-301F-11D3-BF4B-00C04F79EFBC}") = "Lloyd.AzureMailGateway.Models", "Lloyd.AzureMailGateway.Models\Lloyd.AzureMailGateway.Models.csproj", "{21227A91-FDF0-4660-912A-C71BD76738AE}"
EndProject
Global
	GlobalSection(SolutionConfigurationPlatforms) = preSolution
		Debug|Any CPU = Debug|Any CPU
		Release|Any CPU = Release|Any CPU
	EndGlobalSection
	GlobalSection(ProjectConfigurationPlatforms) = postSolution
		{0D0F8EBA-631C-41F9-B72E-546061FC1E07}.Debug|Any CPU.ActiveCfg = Debug|Any CPU
		{0D0F8EBA-631C-41F9-B72E-546061FC1E07}.Debug|Any CPU.Build.0 = Debug|Any CPU
		{0D0F8EBA-631C-41F9-B72E-546061FC1E07}.Release|Any CPU.ActiveCfg = Release|Any CPU
		{0D0F8EBA-631C-41F9-B72E-546061FC1E07}.Release|Any CPU.Build.0 = Release|Any CPU
		{504B0E9D-BADF-4F4B-B152-17843C18D29F}.Debug|Any CPU.ActiveCfg = Debug|Any CPU
		{504B0E9D-BADF-4F4B-B152-17843C18D29F}.Debug|Any CPU.Build.0 = Debug|Any CPU
		{504B0E9D-BADF-4F4B-B152-17843C18D29F}.Release|Any CPU.ActiveCfg = Release|Any CPU
		{504B0E9D-BADF-4F4B-B152-17843C18D29F}.Release|Any CPU.Build.0 = Release|Any CPU
		{F5B55542-8640-4F16-A7FA-1BD11157550C}.Debug|Any CPU.ActiveCfg = Debug|Any CPU
		{F5B55542-8640-4F16-A7FA-1BD11157550C}.Debug|Any CPU.Build.0 = Debug|Any CPU
		{F5B55542-8640-4F16-A7FA-1BD11157550C}.Release|Any CPU.ActiveCfg = Release|Any CPU
		{F5B55542-8640-4F16-A7FA-1BD11157550C}.Release|Any CPU.Build.0 = Release|Any CPU
		{C78B69E8-260E-4F03-A3D2-1682C192C34E}.Debug|Any CPU.ActiveCfg = Debug|Any CPU
		{C78B69E8-260E-4F03-A3D2-1682C192C34E}.Debug|Any CPU.Build.0 = Debug|Any CPU
		{C78B69E8-260E-4F03-A3D2-1682C192C34E}.Release|Any CPU.ActiveCfg = Release|Any CPU
		{C78B69E8-260E-4F03-A3D2-1682C192C34E}.Release|Any CPU.Build.0 = Release|Any CPU
		{429C6DB1-F7EC-4CE7-B927-5AC4B0B3843E}.Debug|Any CPU.ActiveCfg = Debug|Any CPU
		{429C6DB1-F7EC-4CE7-B927-5AC4B0B3843E}.Debug|Any CPU.Build.0 = Debug|Any CPU
		{429C6DB1-F7EC-4CE7-B927-5AC4B0B3843E}.Release|Any CPU.ActiveCfg = Release|Any CPU
		{429C6DB1-F7EC-4CE7-B927-5AC4B0B3843E}.Release|Any CPU.Build.0 = Release|Any CPU
		{21227A91-FDF0-4660-912A-C71BD76738AE}.Debug|Any CPU.ActiveCfg = Debug|Any CPU
		{21227A91-FDF0-4660-912A-C71BD76738AE}.Debug|Any CPU.Build.0 = Debug|Any CPU
		{21227A91-FDF0-4660-912A-C71BD76738AE}.Release|Any CPU.ActiveCfg = Release|Any CPU
		{21227A91-FDF0-4660-912A-C71BD76738AE}.Release|Any CPU.Build.0 = Release|Any CPU
	EndGlobalSection
	GlobalSection(SolutionProperties) = preSolution
		HideSolutionNode = FALSE
	EndGlobalSection
	GlobalSection(ExtensibilityGlobals) = postSolution
		SolutionGuid = {64AF76B1-FF24-4E89-9565-499E52858008}
	EndGlobalSection
EndGlobal
